
Microsoft Visual Studio Solution File, Format Version 12.00
# Visual Studio Version 17
VisualStudioVersion = 17.2.32526.322
MinimumVisualStudioVersion = 10.0.40219.1
Project("{9A19103F-16F7-4668-BE54-9A1E7A4F7556}") = "GrpcTodoList", "GRPC\GrpcTodoList\GrpcTodoList.csproj", "{49592DBA-563F-40E2-8FB2-DB6940C72205}"
EndProject
Project("{9A19103F-16F7-4668-BE54-9A1E7A4F7556}") = "GrpcTodoListClient", "GRPC\GrpcTodoListClient\GrpcTodoListClient.csproj", "{3F314808-3AB5-4FC7-97BE-C16E4D8D104F}"
EndProject
Project("{2150E333-8FDC-42A3-9474-1A3956D46DE8}") = "GRPC", "GRPC", "{1872A2C5-0F5C-4ADF-A664-E9BDB4A55B72}"
	ProjectSection(SolutionItems) = preProject
		TODO.txt = TODO.txt
	EndProjectSection
EndProject
Project("{2150E333-8FDC-42A3-9474-1A3956D46DE8}") = "REST", "REST", "{EAECCC36-9D52-4E05-9A28-7C2D6204C645}"
	ProjectSection(SolutionItems) = preProject
		HowToGenerateClientFromSwagger.txt = HowToGenerateClientFromSwagger.txt
	EndProjectSection
EndProject
Project("{FAE04EC0-301F-11D3-BF4B-00C04F79EFBC}") = "wsRestTodoList", "REST\wsRestTodoList\wsRestTodoList.csproj", "{18D9D5AB-9E11-4A0C-B39D-F8A42C33D239}"
EndProject
Global
	GlobalSection(SolutionConfigurationPlatforms) = preSolution
		Debug|Any CPU = Debug|Any CPU
		Release|Any CPU = Release|Any CPU
	EndGlobalSection
	GlobalSection(ProjectConfigurationPlatforms) = postSolution
		{49592DBA-563F-40E2-8FB2-DB6940C72205}.Debug|Any CPU.ActiveCfg = Debug|Any CPU
		{49592DBA-563F-40E2-8FB2-DB6940C72205}.Debug|Any CPU.Build.0 = Debug|Any CPU
		{49592DBA-563F-40E2-8FB2-DB6940C72205}.Release|Any CPU.ActiveCfg = Release|Any CPU
		{49592DBA-563F-40E2-8FB2-DB6940C72205}.Release|Any CPU.Build.0 = Release|Any CPU
		{3F314808-3AB5-4FC7-97BE-C16E4D8D104F}.Debug|Any CPU.ActiveCfg = Debug|Any CPU
		{3F314808-3AB5-4FC7-97BE-C16E4D8D104F}.Debug|Any CPU.Build.0 = Debug|Any CPU
		{3F314808-3AB5-4FC7-97BE-C16E4D8D104F}.Release|Any CPU.ActiveCfg = Release|Any CPU
		{3F314808-3AB5-4FC7-97BE-C16E4D8D104F}.Release|Any CPU.Build.0 = Release|Any CPU
		{18D9D5AB-9E11-4A0C-B39D-F8A42C33D239}.Debug|Any CPU.ActiveCfg = Debug|Any CPU
		{18D9D5AB-9E11-4A0C-B39D-F8A42C33D239}.Debug|Any CPU.Build.0 = Debug|Any CPU
		{18D9D5AB-9E11-4A0C-B39D-F8A42C33D239}.Release|Any CPU.ActiveCfg = Release|Any CPU
		{18D9D5AB-9E11-4A0C-B39D-F8A42C33D239}.Release|Any CPU.Build.0 = Release|Any CPU
	EndGlobalSection
	GlobalSection(SolutionProperties) = preSolution
		HideSolutionNode = FALSE
	EndGlobalSection
	GlobalSection(NestedProjects) = preSolution
		{49592DBA-563F-40E2-8FB2-DB6940C72205} = {1872A2C5-0F5C-4ADF-A664-E9BDB4A55B72}
		{3F314808-3AB5-4FC7-97BE-C16E4D8D104F} = {1872A2C5-0F5C-4ADF-A664-E9BDB4A55B72}
		{18D9D5AB-9E11-4A0C-B39D-F8A42C33D239} = {EAECCC36-9D52-4E05-9A28-7C2D6204C645}
	EndGlobalSection
	GlobalSection(ExtensibilityGlobals) = postSolution
		SolutionGuid = {9D4B8804-D907-4C9F-8E89-3EC9BF2A2F74}
	EndGlobalSection
EndGlobal
